<Solution>
  <Folder Name="/API/">
    <Project Path="Enrollment.KendoGrid.Api/Enrollment.KendoGrid.Api.csproj" />
  </Folder>
  <Folder Name="/BSL/">
    <Project Path="Enrollment.BSL.AutoMapperProfiles/Enrollment.BSL.AutoMapperProfiles.csproj" />
    <Project Path="Enrollment.KendoGrid.Bsl/Enrollment.KendoGrid.Bsl.csproj" />
  </Folder>
  <Folder Name="/Business/">
    <Project Path="Enrollment.Domain/Enrollment.Domain.csproj" />
    <Project Path="Enrollment.Repositories/Enrollment.Repositories.csproj" />
  </Folder>
  <Folder Name="/EF/">
    <Project Path="Enrollment.Contexts/Enrollment.Contexts.csproj" />
    <Project Path="Enrollment.Data/Enrollment.Data.csproj" />
    <Project Path="Enrollment.Stores/Enrollment.Stores.csproj" />
  </Folder>
  <Folder Name="/Infra/">
    <File Path="infrastructure/BicepCli_enrollmentapi.txt" />
    <File Path="infrastructure/BicepCli_enrollmentbsl.txt" />
    <File Path="infrastructure/enrollmentkendogridapi.bicep" />
    <File Path="infrastructure/enrollmentkendogridbsl.bicep" />
  </Folder>
  <Folder Name="/Tests/">
    <Project Path="Enrollment.KendoGrid.Api.Tests/Enrollment.KendoGrid.Api.Tests.csproj" />
    <Project Path="Enrollment.KendoGrid.Bsl.Tests/Enrollment.KendoGrid.Bsl.Tests.csproj" />
  </Folder>
  <Folder Name="/_Solution Items/">
    <File Path=".github/workflows/cd.yml" />
    <File Path=".github/workflows/check-for-ab-number.yml" />
    <File Path=".github/workflows/ci.yml" />
    <File Path="CHANGELOG.md" />
    <File Path="README.md" />
  </Folder>
  <Project Path="docker-compose.dcproj">
    <Build />
  </Project>
</Solution>
